
Microsoft Visual Studio Solution File, Format Version 12.00
# Visual Studio Version 17
VisualStudioVersion = 17.7.34003.232
MinimumVisualStudioVersion = 10.0.40219.1
Project("{FAE04EC0-301F-11D3-BF4B-00C04F79EFBC}") = "EjerciciosArreglos1", "EjerciciosArreglos1.csproj", "{657E4980-00EE-453F-BCD1-70AE9C25D64C}"
EndProject
Global
	GlobalSection(SolutionConfigurationPlatforms) = preSolution
		Debug|Any CPU = Debug|Any CPU
		Release|Any CPU = Release|Any CPU
	EndGlobalSection
	GlobalSection(ProjectConfigurationPlatforms) = postSolution
		{657E4980-00EE-453F-BCD1-70AE9C25D64C}.Debug|Any CPU.ActiveCfg = Debug|Any CPU
		{657E4980-00EE-453F-BCD1-70AE9C25D64C}.Debug|Any CPU.Build.0 = Debug|Any CPU
		{657E4980-00EE-453F-BCD1-70AE9C25D64C}.Release|Any CPU.ActiveCfg = Release|Any CPU
		{657E4980-00EE-453F-BCD1-70AE9C25D64C}.Release|Any CPU.Build.0 = Release|Any CPU
	EndGlobalSection
	GlobalSection(SolutionProperties) = preSolution
		HideSolutionNode = FALSE
	EndGlobalSection
	GlobalSection(ExtensibilityGlobals) = postSolution
		SolutionGuid = {A0DFCF03-F0D0-4471-B4B1-6038360D35F2}
	EndGlobalSection
EndGlobal
